// !$*UTF8*$!
{
	archiveVersion = 1;
	classes = {
	};
	objectVersion = 46;
	objects = {

/* Begin PBXBuildFile section */
		205E45011E3D207200B45DD1 /* AppDelegate.swift in Sources */ = {isa = PBXBuildFile; fileRef = 205E45001E3D207200B45DD1 /* AppDelegate.swift */; };
		205E45031E3D207200B45DD1 /* MainVC.swift in Sources */ = {isa = PBXBuildFile; fileRef = 205E45021E3D207200B45DD1 /* MainVC.swift */; };
		205E45061E3D207200B45DD1 /* Main.storyboard in Resources */ = {isa = PBXBuildFile; fileRef = 205E45041E3D207200B45DD1 /* Main.storyboard */; };
		205E45081E3D207200B45DD1 /* Assets.xcassets in Resources */ = {isa = PBXBuildFile; fileRef = 205E45071E3D207200B45DD1 /* Assets.xcassets */; };
		205E450B1E3D207200B45DD1 /* LaunchScreen.storyboard in Resources */ = {isa = PBXBuildFile; fileRef = 205E45091E3D207200B45DD1 /* LaunchScreen.storyboard */; };
		205E45161E3D2B4700B45DD1 /* still time.ttf in Resources */ = {isa = PBXBuildFile; fileRef = 205E45151E3D2B4700B45DD1 /* still time.ttf */; };
/* End PBXBuildFile section */

/* Begin PBXFileReference section */
		205E44FD1E3D207200B45DD1 /* PartyRockApp.app */ = {isa = PBXFileReference; explicitFileType = wrapper.application; includeInIndex = 0; path = PartyRockApp.app; sourceTree = BUILT_PRODUCTS_DIR; };
		205E45001E3D207200B45DD1 /* AppDelegate.swift */ = {isa = PBXFileReference; lastKnownFileType = sourcecode.swift; path = AppDelegate.swift; sourceTree = "<group>"; };
		205E45021E3D207200B45DD1 /* MainVC.swift */ = {isa = PBXFileReference; lastKnownFileType = sourcecode.swift; path = MainVC.swift; sourceTree = "<group>"; };
		205E45051E3D207200B45DD1 /* Base */ = {isa = PBXFileReference; lastKnownFileType = file.storyboard; name = Base; path = Base.lproj/Main.storyboard; sourceTree = "<group>"; };
		205E45071E3D207200B45DD1 /* Assets.xcassets */ = {isa = PBXFileReference; lastKnownFileType = folder.assetcatalog; path = Assets.xcassets; sourceTree = "<group>"; };
		205E450A1E3D207200B45DD1 /* Base */ = {isa = PBXFileReference; lastKnownFileType = file.storyboard; name = Base; path = Base.lproj/LaunchScreen.storyboard; sourceTree = "<group>"; };
		205E450C1E3D207200B45DD1 /* Info.plist */ = {isa = PBXFileReference; lastKnownFileType = text.plist.xml; path = Info.plist; sourceTree = "<group>"; };
		205E45151E3D2B4700B45DD1 /* still time.ttf */ = {isa = PBXFileReference; lastKnownFileType = file; path = "still time.ttf"; sourceTree = "<group>"; };
/* End PBXFileReference section */

/* Begin PBXFrameworksBuildPhase section */
		205E44FA1E3D207200B45DD1 /* Frameworks */ = {
			isa = PBXFrameworksBuildPhase;
			buildActionMask = 2147483647;
			files = (
			);
			runOnlyForDeploymentPostprocessing = 0;
		};
/* End PBXFrameworksBuildPhase section */

/* Begin PBXGroup section */
		205E44F41E3D207200B45DD1 = {
			isa = PBXGroup;
			children = (
				205E44FF1E3D207200B45DD1 /* PartyRockApp */,
				205E44FE1E3D207200B45DD1 /* Products */,
			);
			sourceTree = "<group>";
		};
		205E44FE1E3D207200B45DD1 /* Products */ = {
			isa = PBXGroup;
			children = (
				205E44FD1E3D207200B45DD1 /* PartyRockApp.app */,
			);
			name = Products;
			sourceTree = "<group>";
		};
		205E44FF1E3D207200B45DD1 /* PartyRockApp */ = {
			isa = PBXGroup;
			children = (
				205E45171E3D2B4E00B45DD1 /* Files */,
				205E45141E3D21CF00B45DD1 /* Model */,
				205E45131E3D21C500B45DD1 /* View */,
				205E45121E3D21AF00B45DD1 /* Controller */,
				205E45001E3D207200B45DD1 /* AppDelegate.swift */,
				205E45041E3D207200B45DD1 /* Main.storyboard */,
				205E45071E3D207200B45DD1 /* Assets.xcassets */,
				205E45091E3D207200B45DD1 /* LaunchScreen.storyboard */,
				205E450C1E3D207200B45DD1 /* Info.plist */,
			);
			path = PartyRockApp;
			sourceTree = "<group>";
		};
		205E45121E3D21AF00B45DD1 /* Controller */ = {
			isa = PBXGroup;
			children = (
				205E45021E3D207200B45DD1 /* MainVC.swift */,
			);
			name = Controller;
			sourceTree = "<group>";
		};
		205E45131E3D21C500B45DD1 /* View */ = {
			isa = PBXGroup;
			children = (
			);
			name = View;
			sourceTree = "<group>";
		};
		205E45141E3D21CF00B45DD1 /* Model */ = {
			isa = PBXGroup;
			children = (
			);
			name = Model;
			sourceTree = "<group>";
		};
		205E45171E3D2B4E00B45DD1 /* Files */ = {
			isa = PBXGroup;
			children = (
				205E45151E3D2B4700B45DD1 /* still time.ttf */,
			);
			name = Files;
			sourceTree = "<group>";
		};
/* End PBXGroup section */

/* Begin PBXNativeTarget section */
		205E44FC1E3D207200B45DD1 /* PartyRockApp */ = {
			isa = PBXNativeTarget;
			buildConfigurationList = 205E450F1E3D207200B45DD1 /* Build configuration list for PBXNativeTarget "PartyRockApp" */;
			buildPhases = (
				205E44F91E3D207200B45DD1 /* Sources */,
				205E44FA1E3D207200B45DD1 /* Frameworks */,
				205E44FB1E3D207200B45DD1 /* Resources */,
			);
			buildRules = (
			);
			dependencies = (
			);
			name = PartyRockApp;
			productName = PartyRockApp;
			productReference = 205E44FD1E3D207200B45DD1 /* PartyRockApp.app */;
			productType = "com.apple.product-type.application";
		};
/* End PBXNativeTarget section */

/* Begin PBXProject section */
		205E44F51E3D207200B45DD1 /* Project object */ = {
			isa = PBXProject;
			attributes = {
				LastSwiftUpdateCheck = 0820;
				LastUpgradeCheck = 0820;
				ORGANIZATIONNAME = "Stefano Pernat";
				TargetAttributes = {
					205E44FC1E3D207200B45DD1 = {
						CreatedOnToolsVersion = 8.2.1;
						DevelopmentTeam = W7P2H33KSX;
						ProvisioningStyle = Automatic;
					};
				};
			};
			buildConfigurationList = 205E44F81E3D207200B45DD1 /* Build configuration list for PBXProject "PartyRockApp" */;
			compatibilityVersion = "Xcode 3.2";
			developmentRegion = English;
			hasScannedForEncodings = 0;
			knownRegions = (
				en,
				Base,
			);
			mainGroup = 205E44F41E3D207200B45DD1;
			productRefGroup = 205E44FE1E3D207200B45DD1 /* Products */;
			projectDirPath = "";
			projectRoot = "";
			targets = (
				205E44FC1E3D207200B45DD1 /* PartyRockApp */,
			);
		};
/* End PBXProject section */

/* Begin PBXResourcesBuildPhase section */
		205E44FB1E3D207200B45DD1 /* Resources */ = {
			isa = PBXResourcesBuildPhase;
			buildActionMask = 2147483647;
			files = (
				205E450B1E3D207200B45DD1 /* LaunchScreen.storyboard in Resources */,
				205E45161E3D2B4700B45DD1 /* still time.ttf in Resources */,
				205E45081E3D207200B45DD1 /* Assets.xcassets in Resources */,
				205E45061E3D207200B45DD1 /* Main.storyboard in Resources */,
			);
			runOnlyForDeploymentPostprocessing = 0;
		};
/* End PBXResourcesBuildPhase section */

/* Begin PBXSourcesBuildPhase section */
		205E44F91E3D207200B45DD1 /* Sources */ = {
			isa = PBXSourcesBuildPhase;
			buildActionMask = 2147483647;
			files = (
				205E45031E3D207200B45DD1 /* MainVC.swift in Sources */,
				205E45011E3D207200B45DD1 /* AppDelegate.swift in Sources */,
			);
			runOnlyForDeploymentPostprocessing = 0;
		};
/* End PBXSourcesBuildPhase section */

/* Begin PBXVariantGroup section */
		205E45041E3D207200B45DD1 /* Main.storyboard */ = {
			isa = PBXVariantGroup;
			children = (
				205E45051E3D207200B45DD1 /* Base */,
			);
			name = Main.storyboard;
			sourceTree = "<group>";
		};
		205E45091E3D207200B45DD1 /* LaunchScreen.storyboard */ = {
			isa = PBXVariantGroup;
			children = (
				205E450A1E3D207200B45DD1 /* Base */,
			);
			name = LaunchScreen.storyboard;
			sourceTree = "<group>";
		};
/* End PBXVariantGroup section */

/* Begin XCBuildConfiguration section */
		205E450D1E3D207200B45DD1 /* Debug */ = {
			isa = XCBuildConfiguration;
			buildSettings = {
				ALWAYS_SEARCH_USER_PATHS = NO;
				CLANG_ANALYZER_NONNULL = YES;
				CLANG_CXX_LANGUAGE_STANDARD = "gnu++0x";
				CLANG_CXX_LIBRARY = "libc++";
				CLANG_ENABLE_MODULES = YES;
				CLANG_ENABLE_OBJC_ARC = YES;
				CLANG_WARN_BOOL_CONVERSION = YES;
				CLANG_WARN_CONSTANT_CONVERSION = YES;
				CLANG_WARN_DIRECT_OBJC_ISA_USAGE = YES_ERROR;
				CLANG_WARN_DOCUMENTATION_COMMENTS = YES;
				CLANG_WARN_EMPTY_BODY = YES;
				CLANG_WARN_ENUM_CONVERSION = YES;
				CLANG_WARN_INFINITE_RECURSION = YES;
				CLANG_WARN_INT_CONVERSION = YES;
				CLANG_WARN_OBJC_ROOT_CLASS = YES_ERROR;
				CLANG_WARN_SUSPICIOUS_MOVE = YES;
				CLANG_WARN_UNREACHABLE_CODE = YES;
				CLANG_WARN__DUPLICATE_METHOD_MATCH = YES;
				"CODE_SIGN_IDENTITY[sdk=iphoneos*]" = "iPhone Developer";
				COPY_PHASE_STRIP = NO;
				DEBUG_INFORMATION_FORMAT = dwarf;
				ENABLE_STRICT_OBJC_MSGSEND = YES;
				ENABLE_TESTABILITY = YES;
				GCC_C_LANGUAGE_STANDARD = gnu99;
				GCC_DYNAMIC_NO_PIC = NO;
				GCC_NO_COMMON_BLOCKS = YES;
				GCC_OPTIMIZATION_LEVEL = 0;
				GCC_PREPROCESSOR_DEFINITIONS = (
					"DEBUG=1",
					"$(inherited)",
				);
				GCC_WARN_64_TO_32_BIT_CONVERSION = YES;
				GCC_WARN_ABOUT_RETURN_TYPE = YES_ERROR;
				GCC_WARN_UNDECLARED_SELECTOR = YES;
				GCC_WARN_UNINITIALIZED_AUTOS = YES_AGGRESSIVE;
				GCC_WARN_UNUSED_FUNCTION = YES;
				GCC_WARN_UNUSED_VARIABLE = YES;
				IPHONEOS_DEPLOYMENT_TARGET = 10.2;
				MTL_ENABLE_DEBUG_INFO = YES;
				ONLY_ACTIVE_ARCH = YES;
				SDKROOT = iphoneos;
				SWIFT_ACTIVE_COMPILATION_CONDITIONS = DEBUG;
				SWIFT_OPTIMIZATION_LEVEL = "-Onone";
				TARGETED_DEVICE_FAMILY = "1,2";
			};
			name = Debug;
		};
		205E450E1E3D207200B45DD1 /* Release */ = {
			isa = XCBuildConfiguration;
			buildSettings = {
				ALWAYS_SEARCH_USER_PATHS = NO;
				CLANG_ANALYZER_NONNULL = YES;
				CLANG_CXX_LANGUAGE_STANDARD = "gnu++0x";
				CLANG_CXX_LIBRARY = "libc++";
				CLANG_ENABLE_MODULES = YES;
				CLANG_ENABLE_OBJC_ARC = YES;
				CLANG_WARN_BOOL_CONVERSION = YES;
				CLANG_WARN_CONSTANT_CONVERSION = YES;
				CLANG_WARN_DIRECT_OBJC_ISA_USAGE = YES_ERROR;
				CLANG_WARN_DOCUMENTATION_COMMENTS = YES;
				CLANG_WARN_EMPTY_BODY = YES;
				CLANG_WARN_ENUM_CONVERSION = YES;
				CLANG_WARN_INFINITE_RECURSION = YES;
				CLANG_WARN_INT_CONVERSION = YES;
				CLANG_WARN_OBJC_ROOT_CLASS = YES_ERROR;
				CLANG_WARN_SUSPICIOUS_MOVE = YES;
				CLANG_WARN_UNREACHABLE_CODE = YES;
				CLANG_WARN__DUPLICATE_METHOD_MATCH = YES;
				"CODE_SIGN_IDENTITY[sdk=iphoneos*]" = "iPhone Developer";
				COPY_PHASE_STRIP = NO;
				DEBUG_INFORMATION_FORMAT = "dwarf-with-dsym";
				ENABLE_NS_ASSERTIONS = NO;
				ENABLE_STRICT_OBJC_MSGSEND = YES;
				GCC_C_LANGUAGE_STANDARD = gnu99;
				GCC_NO_COMMON_BLOCKS = YES;
				GCC_WARN_64_TO_32_BIT_CONVERSION = YES;
				GCC_WARN_ABOUT_RETURN_TYPE = YES_ERROR;
				GCC_WARN_UNDECLARED_SELECTOR = YES;
				GCC_WARN_UNINITIALIZED_AUTOS = YES_AGGRESSIVE;
				GCC_WARN_UNUSED_FUNCTION = YES;
				GCC_WARN_UNUSED_VARIABLE = YES;
				IPHONEOS_DEPLOYMENT_TARGET = 10.2;
				MTL_ENABLE_DEBUG_INFO = NO;
				SDKROOT = iphoneos;
				SWIFT_OPTIMIZATION_LEVEL = "-Owholemodule";
				TARGETED_DEVICE_FAMILY = "1,2";
				VALIDATE_PRODUCT = YES;
			};
			name = Release;
		};
		205E45101E3D207200B45DD1 /* Debug */ = {
			isa = XCBuildConfiguration;
			buildSettings = {
				ASSETCATALOG_COMPILER_APPICON_NAME = AppIcon;
				DEVELOPMENT_TEAM = W7P2H33KSX;
				INFOPLIST_FILE = PartyRockApp/Info.plist;
				LD_RUNPATH_SEARCH_PATHS = "$(inherited) @executable_path/Frameworks";
				PRODUCT_BUNDLE_IDENTIFIER = it.pernat.udemyCourse.PartyRockApp;
				PRODUCT_NAME = "$(TARGET_NAME)";
				SWIFT_VERSION = 3.0;
			};
			name = Debug;
		};
		205E45111E3D207200B45DD1 /* Release */ = {
			isa = XCBuildConfiguration;
			buildSettings = {
				ASSETCATALOG_COMPILER_APPICON_NAME = AppIcon;
				DEVELOPMENT_TEAM = W7P2H33KSX;
				INFOPLIST_FILE = PartyRockApp/Info.plist;
				LD_RUNPATH_SEARCH_PATHS = "$(inherited) @executable_path/Frameworks";
				PRODUCT_BUNDLE_IDENTIFIER = it.pernat.udemyCourse.PartyRockApp;
				PRODUCT_NAME = "$(TARGET_NAME)";
				SWIFT_VERSION = 3.0;
			};
			name = Release;
		};
/* End XCBuildConfiguration section */

/* Begin XCConfigurationList section */
		205E44F81E3D207200B45DD1 /* Build configuration list for PBXProject "PartyRockApp" */ = {
			isa = XCConfigurationList;
			buildConfigurations = (
				205E450D1E3D207200B45DD1 /* Debug */,
				205E450E1E3D207200B45DD1 /* Release */,
			);
			defaultConfigurationIsVisible = 0;
			defaultConfigurationName = Release;
		};
		205E450F1E3D207200B45DD1 /* Build configuration list for PBXNativeTarget "PartyRockApp" */ = {
			isa = XCConfigurationList;
			buildConfigurations = (
				205E45101E3D207200B45DD1 /* Debug */,
				205E45111E3D207200B45DD1 /* Release */,
			);
			defaultConfigurationIsVisible = 0;
		};
/* End XCConfigurationList section */
	};
	rootObject = 205E44F51E3D207200B45DD1 /* Project object */;
}
